// !$*UTF8*$!
{
	archiveVersion = 1;
	classes = {
	};
	objectVersion = 51;
	objects = {

/* Begin PBXBuildFile section */
		644269BC7A82C93C2107D723 /* libPods-social_dance_app-social_dance_appUITests.a in Frameworks */ = {isa = PBXBuildFile; fileRef = 24D4DEDC54C58F0411A7D468 /* libPods-social_dance_app-social_dance_appUITests.a */; };
		78F9DE7680D07EE1184D6C52 /* libPods-social_dance_app.a in Frameworks */ = {isa = PBXBuildFile; fileRef = 67F66A67426023213E5D719C /* libPods-social_dance_app.a */; };
		9B2EE15B269CA8B700391917 /* AppDelegate.m in Sources */ = {isa = PBXBuildFile; fileRef = 9B2EE15A269CA8B700391917 /* AppDelegate.m */; };
		9B2EE15E269CA8B700391917 /* SceneDelegate.m in Sources */ = {isa = PBXBuildFile; fileRef = 9B2EE15D269CA8B700391917 /* SceneDelegate.m */; };
		9B2EE164269CA8B700391917 /* Main.storyboard in Resources */ = {isa = PBXBuildFile; fileRef = 9B2EE162269CA8B700391917 /* Main.storyboard */; };
		9B2EE166269CA8B900391917 /* Assets.xcassets in Resources */ = {isa = PBXBuildFile; fileRef = 9B2EE165269CA8B900391917 /* Assets.xcassets */; };
		9B2EE169269CA8B900391917 /* LaunchScreen.storyboard in Resources */ = {isa = PBXBuildFile; fileRef = 9B2EE167269CA8B900391917 /* LaunchScreen.storyboard */; };
		9B2EE16C269CA8B900391917 /* main.m in Sources */ = {isa = PBXBuildFile; fileRef = 9B2EE16B269CA8B900391917 /* main.m */; };
		9B2EE176269CA8B900391917 /* social_dance_appTests.m in Sources */ = {isa = PBXBuildFile; fileRef = 9B2EE175269CA8B900391917 /* social_dance_appTests.m */; };
		9B2EE181269CA8B900391917 /* social_dance_appUITests.m in Sources */ = {isa = PBXBuildFile; fileRef = 9B2EE180269CA8B900391917 /* social_dance_appUITests.m */; };
		9B2EE196269CAC9600391917 /* HomeViewController.m in Sources */ = {isa = PBXBuildFile; fileRef = 9B2EE195269CAC9500391917 /* HomeViewController.m */; };
		9B2EE199269CACA200391917 /* SearchViewController.m in Sources */ = {isa = PBXBuildFile; fileRef = 9B2EE198269CACA200391917 /* SearchViewController.m */; };
		9B2EE19C269CACAE00391917 /* CreateViewController.m in Sources */ = {isa = PBXBuildFile; fileRef = 9B2EE19B269CACAE00391917 /* CreateViewController.m */; };
		9B2EE19F269CAF2500391917 /* DetailViewController.m in Sources */ = {isa = PBXBuildFile; fileRef = 9B2EE19E269CAF2500391917 /* DetailViewController.m */; };
		9B2EE1A2269CD8E300391917 /* LoginView.m in Sources */ = {isa = PBXBuildFile; fileRef = 9B2EE1A1269CD8E300391917 /* LoginView.m */; };
		9B2EE1A5269CDE9F00391917 /* LoginViewController.m in Sources */ = {isa = PBXBuildFile; fileRef = 9B2EE1A4269CDE9F00391917 /* LoginViewController.m */; };
		9B3C09B9269CE16900B244DE /* Song.m in Sources */ = {isa = PBXBuildFile; fileRef = 9B3C09B8269CE16900B244DE /* Song.m */; };
		9B3C09BC269CE2D500B244DE /* HomeTableViewCell.m in Sources */ = {isa = PBXBuildFile; fileRef = 9B3C09BB269CE2D500B244DE /* HomeTableViewCell.m */; };
		9B3C09BF269CE30600B244DE /* DetailView.m in Sources */ = {isa = PBXBuildFile; fileRef = 9B3C09BE269CE30600B244DE /* DetailView.m */; };
		9B3C09C2269CE3AC00B244DE /* SearchCollectionViewCell.m in Sources */ = {isa = PBXBuildFile; fileRef = 9B3C09C1269CE3AC00B244DE /* SearchCollectionViewCell.m */; };
		9B3C09C5269CE41C00B244DE /* CreateView.m in Sources */ = {isa = PBXBuildFile; fileRef = 9B3C09C4269CE41C00B244DE /* CreateView.m */; };
		9B3C09C8269CF41D00B244DE /* Post.m in Sources */ = {isa = PBXBuildFile; fileRef = 9B3C09C7269CF41D00B244DE /* Post.m */; };
		9B3C09CE269DD81400B244DE /* PlayerView.m in Sources */ = {isa = PBXBuildFile; fileRef = 9B3C09CD269DD81400B244DE /* PlayerView.m */; };
		9B4841B326A09FF100BB8988 /* SpotifySearchViewController.m in Sources */ = {isa = PBXBuildFile; fileRef = 9B4841B226A09FF100BB8988 /* SpotifySearchViewController.m */; };
		9B4841B626A0A16700BB8988 /* SpotifySearchTableViewCell.m in Sources */ = {isa = PBXBuildFile; fileRef = 9B4841B526A0A16700BB8988 /* SpotifySearchTableViewCell.m */; };
		9BE67B46269E1A3C0047611E /* SearchView.m in Sources */ = {isa = PBXBuildFile; fileRef = 9BE67B45269E1A3C0047611E /* SearchView.m */; };
		9BE67B4A269E3AFE0047611E /* SpotifyiOS.framework in Frameworks */ = {isa = PBXBuildFile; fileRef = 9BE67B49269E3AFE0047611E /* SpotifyiOS.framework */; };
		9BE67B4C269E3D360047611E /* Keys.plist in Resources */ = {isa = PBXBuildFile; fileRef = 9BE67B4B269E3D360047611E /* Keys.plist */; };
		9BE67B4F269E3DCC0047611E /* APIManager.m in Sources */ = {isa = PBXBuildFile; fileRef = 9BE67B4E269E3DCC0047611E /* APIManager.m */; };
		9BE67B54269F557A0047611E /* SpotifyAuthViewController.m in Sources */ = {isa = PBXBuildFile; fileRef = 9BE67B53269F557A0047611E /* SpotifyAuthViewController.m */; };
		9BE67B56269F56320047611E /* WebKit.framework in Frameworks */ = {isa = PBXBuildFile; fileRef = 9BE67B55269F56320047611E /* WebKit.framework */; };
		9BE67B59269F568B0047611E /* SpotifyAuthView.m in Sources */ = {isa = PBXBuildFile; fileRef = 9BE67B58269F568B0047611E /* SpotifyAuthView.m */; };
		CABFDEA0EF1DC19ADCC5202A /* libPods-social_dance_appTests.a in Frameworks */ = {isa = PBXBuildFile; fileRef = D5F05279685B8A2B6750EBF2 /* libPods-social_dance_appTests.a */; };
/* End PBXBuildFile section */

/* Begin PBXContainerItemProxy section */
		9B2EE172269CA8B900391917 /* PBXContainerItemProxy */ = {
			isa = PBXContainerItemProxy;
			containerPortal = 9B2EE14E269CA8B700391917 /* Project object */;
			proxyType = 1;
			remoteGlobalIDString = 9B2EE155269CA8B700391917;
			remoteInfo = social_dance_app;
		};
		9B2EE17D269CA8B900391917 /* PBXContainerItemProxy */ = {
			isa = PBXContainerItemProxy;
			containerPortal = 9B2EE14E269CA8B700391917 /* Project object */;
			proxyType = 1;
			remoteGlobalIDString = 9B2EE155269CA8B700391917;
			remoteInfo = social_dance_app;
		};
/* End PBXContainerItemProxy section */

/* Begin PBXFileReference section */
		24D4DEDC54C58F0411A7D468 /* libPods-social_dance_app-social_dance_appUITests.a */ = {isa = PBXFileReference; explicitFileType = archive.ar; includeInIndex = 0; path = "libPods-social_dance_app-social_dance_appUITests.a"; sourceTree = BUILT_PRODUCTS_DIR; };
		5B5DCFE0532BEF04914AE73A /* Pods-social_dance_app-social_dance_appUITests.release.xcconfig */ = {isa = PBXFileReference; includeInIndex = 1; lastKnownFileType = text.xcconfig; name = "Pods-social_dance_app-social_dance_appUITests.release.xcconfig"; path = "Target Support Files/Pods-social_dance_app-social_dance_appUITests/Pods-social_dance_app-social_dance_appUITests.release.xcconfig"; sourceTree = "<group>"; };
		67F66A67426023213E5D719C /* libPods-social_dance_app.a */ = {isa = PBXFileReference; explicitFileType = archive.ar; includeInIndex = 0; path = "libPods-social_dance_app.a"; sourceTree = BUILT_PRODUCTS_DIR; };
		7D9A099D56EC4B08A86C6C20 /* Pods-social_dance_app.debug.xcconfig */ = {isa = PBXFileReference; includeInIndex = 1; lastKnownFileType = text.xcconfig; name = "Pods-social_dance_app.debug.xcconfig"; path = "Target Support Files/Pods-social_dance_app/Pods-social_dance_app.debug.xcconfig"; sourceTree = "<group>"; };
		7DEDF84A2EE0DA8859D07251 /* Pods-social_dance_appTests.release.xcconfig */ = {isa = PBXFileReference; includeInIndex = 1; lastKnownFileType = text.xcconfig; name = "Pods-social_dance_appTests.release.xcconfig"; path = "Target Support Files/Pods-social_dance_appTests/Pods-social_dance_appTests.release.xcconfig"; sourceTree = "<group>"; };
		9B2EE156269CA8B700391917 /* social_dance_app.app */ = {isa = PBXFileReference; explicitFileType = wrapper.application; includeInIndex = 0; path = social_dance_app.app; sourceTree = BUILT_PRODUCTS_DIR; };
		9B2EE159269CA8B700391917 /* AppDelegate.h */ = {isa = PBXFileReference; lastKnownFileType = sourcecode.c.h; path = AppDelegate.h; sourceTree = "<group>"; };
		9B2EE15A269CA8B700391917 /* AppDelegate.m */ = {isa = PBXFileReference; lastKnownFileType = sourcecode.c.objc; path = AppDelegate.m; sourceTree = "<group>"; };
		9B2EE15C269CA8B700391917 /* SceneDelegate.h */ = {isa = PBXFileReference; lastKnownFileType = sourcecode.c.h; path = SceneDelegate.h; sourceTree = "<group>"; };
		9B2EE15D269CA8B700391917 /* SceneDelegate.m */ = {isa = PBXFileReference; lastKnownFileType = sourcecode.c.objc; path = SceneDelegate.m; sourceTree = "<group>"; };
		9B2EE163269CA8B700391917 /* Base */ = {isa = PBXFileReference; lastKnownFileType = file.storyboard; name = Base; path = Base.lproj/Main.storyboard; sourceTree = "<group>"; };
		9B2EE165269CA8B900391917 /* Assets.xcassets */ = {isa = PBXFileReference; lastKnownFileType = folder.assetcatalog; path = Assets.xcassets; sourceTree = "<group>"; };
		9B2EE168269CA8B900391917 /* Base */ = {isa = PBXFileReference; lastKnownFileType = file.storyboard; name = Base; path = Base.lproj/LaunchScreen.storyboard; sourceTree = "<group>"; };
		9B2EE16A269CA8B900391917 /* Info.plist */ = {isa = PBXFileReference; lastKnownFileType = text.plist.xml; path = Info.plist; sourceTree = "<group>"; };
		9B2EE16B269CA8B900391917 /* main.m */ = {isa = PBXFileReference; lastKnownFileType = sourcecode.c.objc; path = main.m; sourceTree = "<group>"; };
		9B2EE171269CA8B900391917 /* social_dance_appTests.xctest */ = {isa = PBXFileReference; explicitFileType = wrapper.cfbundle; includeInIndex = 0; path = social_dance_appTests.xctest; sourceTree = BUILT_PRODUCTS_DIR; };
		9B2EE175269CA8B900391917 /* social_dance_appTests.m */ = {isa = PBXFileReference; lastKnownFileType = sourcecode.c.objc; path = social_dance_appTests.m; sourceTree = "<group>"; };
		9B2EE177269CA8B900391917 /* Info.plist */ = {isa = PBXFileReference; lastKnownFileType = text.plist.xml; path = Info.plist; sourceTree = "<group>"; };
		9B2EE17C269CA8B900391917 /* social_dance_appUITests.xctest */ = {isa = PBXFileReference; explicitFileType = wrapper.cfbundle; includeInIndex = 0; path = social_dance_appUITests.xctest; sourceTree = BUILT_PRODUCTS_DIR; };
		9B2EE180269CA8B900391917 /* social_dance_appUITests.m */ = {isa = PBXFileReference; lastKnownFileType = sourcecode.c.objc; path = social_dance_appUITests.m; sourceTree = "<group>"; };
		9B2EE182269CA8B900391917 /* Info.plist */ = {isa = PBXFileReference; lastKnownFileType = text.plist.xml; path = Info.plist; sourceTree = "<group>"; };
		9B2EE194269CAC9500391917 /* HomeViewController.h */ = {isa = PBXFileReference; lastKnownFileType = sourcecode.c.h; path = HomeViewController.h; sourceTree = "<group>"; };
		9B2EE195269CAC9500391917 /* HomeViewController.m */ = {isa = PBXFileReference; lastKnownFileType = sourcecode.c.objc; path = HomeViewController.m; sourceTree = "<group>"; };
		9B2EE197269CACA200391917 /* SearchViewController.h */ = {isa = PBXFileReference; lastKnownFileType = sourcecode.c.h; path = SearchViewController.h; sourceTree = "<group>"; };
		9B2EE198269CACA200391917 /* SearchViewController.m */ = {isa = PBXFileReference; lastKnownFileType = sourcecode.c.objc; path = SearchViewController.m; sourceTree = "<group>"; };
		9B2EE19A269CACAE00391917 /* CreateViewController.h */ = {isa = PBXFileReference; lastKnownFileType = sourcecode.c.h; path = CreateViewController.h; sourceTree = "<group>"; };
		9B2EE19B269CACAE00391917 /* CreateViewController.m */ = {isa = PBXFileReference; lastKnownFileType = sourcecode.c.objc; path = CreateViewController.m; sourceTree = "<group>"; };
		9B2EE19D269CAF2500391917 /* DetailViewController.h */ = {isa = PBXFileReference; lastKnownFileType = sourcecode.c.h; path = DetailViewController.h; sourceTree = "<group>"; };
		9B2EE19E269CAF2500391917 /* DetailViewController.m */ = {isa = PBXFileReference; lastKnownFileType = sourcecode.c.objc; path = DetailViewController.m; sourceTree = "<group>"; };
		9B2EE1A0269CD8E300391917 /* LoginView.h */ = {isa = PBXFileReference; lastKnownFileType = sourcecode.c.h; path = LoginView.h; sourceTree = "<group>"; };
		9B2EE1A1269CD8E300391917 /* LoginView.m */ = {isa = PBXFileReference; lastKnownFileType = sourcecode.c.objc; path = LoginView.m; sourceTree = "<group>"; };
		9B2EE1A3269CDE9F00391917 /* LoginViewController.h */ = {isa = PBXFileReference; lastKnownFileType = sourcecode.c.h; path = LoginViewController.h; sourceTree = "<group>"; };
		9B2EE1A4269CDE9F00391917 /* LoginViewController.m */ = {isa = PBXFileReference; lastKnownFileType = sourcecode.c.objc; path = LoginViewController.m; sourceTree = "<group>"; };
		9B3C09B7269CE16900B244DE /* Song.h */ = {isa = PBXFileReference; lastKnownFileType = sourcecode.c.h; path = Song.h; sourceTree = "<group>"; };
		9B3C09B8269CE16900B244DE /* Song.m */ = {isa = PBXFileReference; lastKnownFileType = sourcecode.c.objc; path = Song.m; sourceTree = "<group>"; };
		9B3C09BA269CE2D500B244DE /* HomeTableViewCell.h */ = {isa = PBXFileReference; lastKnownFileType = sourcecode.c.h; path = HomeTableViewCell.h; sourceTree = "<group>"; };
		9B3C09BB269CE2D500B244DE /* HomeTableViewCell.m */ = {isa = PBXFileReference; lastKnownFileType = sourcecode.c.objc; path = HomeTableViewCell.m; sourceTree = "<group>"; };
		9B3C09BD269CE30600B244DE /* DetailView.h */ = {isa = PBXFileReference; lastKnownFileType = sourcecode.c.h; path = DetailView.h; sourceTree = "<group>"; };
		9B3C09BE269CE30600B244DE /* DetailView.m */ = {isa = PBXFileReference; lastKnownFileType = sourcecode.c.objc; path = DetailView.m; sourceTree = "<group>"; };
		9B3C09C0269CE3AC00B244DE /* SearchCollectionViewCell.h */ = {isa = PBXFileReference; lastKnownFileType = sourcecode.c.h; path = SearchCollectionViewCell.h; sourceTree = "<group>"; };
		9B3C09C1269CE3AC00B244DE /* SearchCollectionViewCell.m */ = {isa = PBXFileReference; lastKnownFileType = sourcecode.c.objc; path = SearchCollectionViewCell.m; sourceTree = "<group>"; };
		9B3C09C3269CE41C00B244DE /* CreateView.h */ = {isa = PBXFileReference; lastKnownFileType = sourcecode.c.h; path = CreateView.h; sourceTree = "<group>"; };
		9B3C09C4269CE41C00B244DE /* CreateView.m */ = {isa = PBXFileReference; lastKnownFileType = sourcecode.c.objc; path = CreateView.m; sourceTree = "<group>"; };
		9B3C09C6269CF41D00B244DE /* Post.h */ = {isa = PBXFileReference; lastKnownFileType = sourcecode.c.h; path = Post.h; sourceTree = "<group>"; };
		9B3C09C7269CF41D00B244DE /* Post.m */ = {isa = PBXFileReference; lastKnownFileType = sourcecode.c.objc; path = Post.m; sourceTree = "<group>"; };
		9B3C09CC269DD81400B244DE /* PlayerView.h */ = {isa = PBXFileReference; lastKnownFileType = sourcecode.c.h; path = PlayerView.h; sourceTree = "<group>"; };
		9B3C09CD269DD81400B244DE /* PlayerView.m */ = {isa = PBXFileReference; lastKnownFileType = sourcecode.c.objc; path = PlayerView.m; sourceTree = "<group>"; };
		9B4841B126A09FF100BB8988 /* SpotifySearchViewController.h */ = {isa = PBXFileReference; lastKnownFileType = sourcecode.c.h; path = SpotifySearchViewController.h; sourceTree = "<group>"; };
		9B4841B226A09FF100BB8988 /* SpotifySearchViewController.m */ = {isa = PBXFileReference; lastKnownFileType = sourcecode.c.objc; path = SpotifySearchViewController.m; sourceTree = "<group>"; };
		9B4841B426A0A16700BB8988 /* SpotifySearchTableViewCell.h */ = {isa = PBXFileReference; lastKnownFileType = sourcecode.c.h; path = SpotifySearchTableViewCell.h; sourceTree = "<group>"; };
		9B4841B526A0A16700BB8988 /* SpotifySearchTableViewCell.m */ = {isa = PBXFileReference; lastKnownFileType = sourcecode.c.objc; path = SpotifySearchTableViewCell.m; sourceTree = "<group>"; };
		9BE67B44269E1A3C0047611E /* SearchView.h */ = {isa = PBXFileReference; lastKnownFileType = sourcecode.c.h; path = SearchView.h; sourceTree = "<group>"; };
		9BE67B45269E1A3C0047611E /* SearchView.m */ = {isa = PBXFileReference; lastKnownFileType = sourcecode.c.objc; path = SearchView.m; sourceTree = "<group>"; };
		9BE67B49269E3AFE0047611E /* SpotifyiOS.framework */ = {isa = PBXFileReference; lastKnownFileType = wrapper.framework; path = SpotifyiOS.framework; sourceTree = "<group>"; };
		9BE67B4B269E3D360047611E /* Keys.plist */ = {isa = PBXFileReference; lastKnownFileType = text.plist.xml; path = Keys.plist; sourceTree = "<group>"; };
		9BE67B4D269E3DCC0047611E /* APIManager.h */ = {isa = PBXFileReference; lastKnownFileType = sourcecode.c.h; path = APIManager.h; sourceTree = "<group>"; };
		9BE67B4E269E3DCC0047611E /* APIManager.m */ = {isa = PBXFileReference; lastKnownFileType = sourcecode.c.objc; path = APIManager.m; sourceTree = "<group>"; };
		9BE67B52269F557A0047611E /* SpotifyAuthViewController.h */ = {isa = PBXFileReference; lastKnownFileType = sourcecode.c.h; path = SpotifyAuthViewController.h; sourceTree = "<group>"; };
		9BE67B53269F557A0047611E /* SpotifyAuthViewController.m */ = {isa = PBXFileReference; lastKnownFileType = sourcecode.c.objc; path = SpotifyAuthViewController.m; sourceTree = "<group>"; };
		9BE67B55269F56320047611E /* WebKit.framework */ = {isa = PBXFileReference; lastKnownFileType = wrapper.framework; name = WebKit.framework; path = System/Library/Frameworks/WebKit.framework; sourceTree = SDKROOT; };
		9BE67B57269F568B0047611E /* SpotifyAuthView.h */ = {isa = PBXFileReference; lastKnownFileType = sourcecode.c.h; path = SpotifyAuthView.h; sourceTree = "<group>"; };
		9BE67B58269F568B0047611E /* SpotifyAuthView.m */ = {isa = PBXFileReference; lastKnownFileType = sourcecode.c.objc; path = SpotifyAuthView.m; sourceTree = "<group>"; };
		9DDD14C4A779EF5D93F4F777 /* Pods-social_dance_appTests.debug.xcconfig */ = {isa = PBXFileReference; includeInIndex = 1; lastKnownFileType = text.xcconfig; name = "Pods-social_dance_appTests.debug.xcconfig"; path = "Target Support Files/Pods-social_dance_appTests/Pods-social_dance_appTests.debug.xcconfig"; sourceTree = "<group>"; };
		BB179721461108F7E7DF4AED /* Pods-social_dance_app.release.xcconfig */ = {isa = PBXFileReference; includeInIndex = 1; lastKnownFileType = text.xcconfig; name = "Pods-social_dance_app.release.xcconfig"; path = "Target Support Files/Pods-social_dance_app/Pods-social_dance_app.release.xcconfig"; sourceTree = "<group>"; };
		D5F05279685B8A2B6750EBF2 /* libPods-social_dance_appTests.a */ = {isa = PBXFileReference; explicitFileType = archive.ar; includeInIndex = 0; path = "libPods-social_dance_appTests.a"; sourceTree = BUILT_PRODUCTS_DIR; };
		E0F7D4FC576299881AD2703C /* Pods-social_dance_app-social_dance_appUITests.debug.xcconfig */ = {isa = PBXFileReference; includeInIndex = 1; lastKnownFileType = text.xcconfig; name = "Pods-social_dance_app-social_dance_appUITests.debug.xcconfig"; path = "Target Support Files/Pods-social_dance_app-social_dance_appUITests/Pods-social_dance_app-social_dance_appUITests.debug.xcconfig"; sourceTree = "<group>"; };
/* End PBXFileReference section */

/* Begin PBXFrameworksBuildPhase section */
		9B2EE153269CA8B700391917 /* Frameworks */ = {
			isa = PBXFrameworksBuildPhase;
			buildActionMask = 2147483647;
			files = (
				78F9DE7680D07EE1184D6C52 /* libPods-social_dance_app.a in Frameworks */,
				9BE67B4A269E3AFE0047611E /* SpotifyiOS.framework in Frameworks */,
				9BE67B56269F56320047611E /* WebKit.framework in Frameworks */,
			);
			runOnlyForDeploymentPostprocessing = 0;
		};
		9B2EE16E269CA8B900391917 /* Frameworks */ = {
			isa = PBXFrameworksBuildPhase;
			buildActionMask = 2147483647;
			files = (
				CABFDEA0EF1DC19ADCC5202A /* libPods-social_dance_appTests.a in Frameworks */,
			);
			runOnlyForDeploymentPostprocessing = 0;
		};
		9B2EE179269CA8B900391917 /* Frameworks */ = {
			isa = PBXFrameworksBuildPhase;
			buildActionMask = 2147483647;
			files = (
				644269BC7A82C93C2107D723 /* libPods-social_dance_app-social_dance_appUITests.a in Frameworks */,
			);
			runOnlyForDeploymentPostprocessing = 0;
		};
/* End PBXFrameworksBuildPhase section */

/* Begin PBXGroup section */
		1E3C22A1F5414F8CBAFD413C /* Pods */ = {
			isa = PBXGroup;
			children = (
				7D9A099D56EC4B08A86C6C20 /* Pods-social_dance_app.debug.xcconfig */,
				BB179721461108F7E7DF4AED /* Pods-social_dance_app.release.xcconfig */,
				E0F7D4FC576299881AD2703C /* Pods-social_dance_app-social_dance_appUITests.debug.xcconfig */,
				5B5DCFE0532BEF04914AE73A /* Pods-social_dance_app-social_dance_appUITests.release.xcconfig */,
				9DDD14C4A779EF5D93F4F777 /* Pods-social_dance_appTests.debug.xcconfig */,
				7DEDF84A2EE0DA8859D07251 /* Pods-social_dance_appTests.release.xcconfig */,
			);
			path = Pods;
			sourceTree = "<group>";
		};
		5B3BB6F59E0FDF94A3D26CBF /* Frameworks */ = {
			isa = PBXGroup;
			children = (
				9BE67B55269F56320047611E /* WebKit.framework */,
				67F66A67426023213E5D719C /* libPods-social_dance_app.a */,
				24D4DEDC54C58F0411A7D468 /* libPods-social_dance_app-social_dance_appUITests.a */,
				D5F05279685B8A2B6750EBF2 /* libPods-social_dance_appTests.a */,
			);
			name = Frameworks;
			sourceTree = "<group>";
		};
		9B2EE14D269CA8B700391917 = {
			isa = PBXGroup;
			children = (
				9BE67B49269E3AFE0047611E /* SpotifyiOS.framework */,
				9B2EE158269CA8B700391917 /* social_dance_app */,
				9B2EE174269CA8B900391917 /* social_dance_appTests */,
				9B2EE17F269CA8B900391917 /* social_dance_appUITests */,
				9B2EE157269CA8B700391917 /* Products */,
				1E3C22A1F5414F8CBAFD413C /* Pods */,
				5B3BB6F59E0FDF94A3D26CBF /* Frameworks */,
			);
			sourceTree = "<group>";
		};
		9B2EE157269CA8B700391917 /* Products */ = {
			isa = PBXGroup;
			children = (
				9B2EE156269CA8B700391917 /* social_dance_app.app */,
				9B2EE171269CA8B900391917 /* social_dance_appTests.xctest */,
				9B2EE17C269CA8B900391917 /* social_dance_appUITests.xctest */,
			);
			name = Products;
			sourceTree = "<group>";
		};
		9B2EE158269CA8B700391917 /* social_dance_app */ = {
			isa = PBXGroup;
			children = (
				9BE67B48269E39250047611E /* Manager */,
				9B2EE190269CA8EE00391917 /* Views */,
				9B2EE18F269CA8E700391917 /* Models */,
				9B2EE18E269CA8D500391917 /* View Controllers */,
				9B2EE159269CA8B700391917 /* AppDelegate.h */,
				9B2EE15A269CA8B700391917 /* AppDelegate.m */,
				9B2EE15C269CA8B700391917 /* SceneDelegate.h */,
				9B2EE15D269CA8B700391917 /* SceneDelegate.m */,
				9B2EE162269CA8B700391917 /* Main.storyboard */,
				9B2EE165269CA8B900391917 /* Assets.xcassets */,
				9B2EE167269CA8B900391917 /* LaunchScreen.storyboard */,
				9B2EE16A269CA8B900391917 /* Info.plist */,
				9B2EE16B269CA8B900391917 /* main.m */,
				9BE67B4B269E3D360047611E /* Keys.plist */,
			);
			path = social_dance_app;
			sourceTree = "<group>";
		};
		9B2EE174269CA8B900391917 /* social_dance_appTests */ = {
			isa = PBXGroup;
			children = (
				9B2EE175269CA8B900391917 /* social_dance_appTests.m */,
				9B2EE177269CA8B900391917 /* Info.plist */,
			);
			path = social_dance_appTests;
			sourceTree = "<group>";
		};
		9B2EE17F269CA8B900391917 /* social_dance_appUITests */ = {
			isa = PBXGroup;
			children = (
				9B2EE180269CA8B900391917 /* social_dance_appUITests.m */,
				9B2EE182269CA8B900391917 /* Info.plist */,
			);
			path = social_dance_appUITests;
			sourceTree = "<group>";
		};
		9B2EE18E269CA8D500391917 /* View Controllers */ = {
			isa = PBXGroup;
			children = (
				9B2EE194269CAC9500391917 /* HomeViewController.h */,
				9B2EE195269CAC9500391917 /* HomeViewController.m */,
				9B2EE197269CACA200391917 /* SearchViewController.h */,
				9B2EE198269CACA200391917 /* SearchViewController.m */,
				9B2EE19A269CACAE00391917 /* CreateViewController.h */,
				9B2EE19B269CACAE00391917 /* CreateViewController.m */,
				9B2EE19D269CAF2500391917 /* DetailViewController.h */,
				9B2EE19E269CAF2500391917 /* DetailViewController.m */,
				9B2EE1A3269CDE9F00391917 /* LoginViewController.h */,
				9B2EE1A4269CDE9F00391917 /* LoginViewController.m */,
				9BE67B52269F557A0047611E /* SpotifyAuthViewController.h */,
				9BE67B53269F557A0047611E /* SpotifyAuthViewController.m */,
				9B4841B126A09FF100BB8988 /* SpotifySearchViewController.h */,
				9B4841B226A09FF100BB8988 /* SpotifySearchViewController.m */,
			);
			path = "View Controllers";
			sourceTree = "<group>";
		};
		9B2EE18F269CA8E700391917 /* Models */ = {
			isa = PBXGroup;
			children = (
				9B3C09B7269CE16900B244DE /* Song.h */,
				9B3C09B8269CE16900B244DE /* Song.m */,
				9B3C09C6269CF41D00B244DE /* Post.h */,
				9B3C09C7269CF41D00B244DE /* Post.m */,
			);
			path = Models;
			sourceTree = "<group>";
		};
		9B2EE190269CA8EE00391917 /* Views */ = {
			isa = PBXGroup;
			children = (
				9B2EE1A0269CD8E300391917 /* LoginView.h */,
				9B2EE1A1269CD8E300391917 /* LoginView.m */,
				9B3C09BA269CE2D500B244DE /* HomeTableViewCell.h */,
				9B3C09BB269CE2D500B244DE /* HomeTableViewCell.m */,
				9B3C09BD269CE30600B244DE /* DetailView.h */,
				9B3C09BE269CE30600B244DE /* DetailView.m */,
				9B3C09C0269CE3AC00B244DE /* SearchCollectionViewCell.h */,
				9B3C09C1269CE3AC00B244DE /* SearchCollectionViewCell.m */,
				9B3C09C3269CE41C00B244DE /* CreateView.h */,
				9B3C09C4269CE41C00B244DE /* CreateView.m */,
				9B3C09CC269DD81400B244DE /* PlayerView.h */,
				9B3C09CD269DD81400B244DE /* PlayerView.m */,
				9BE67B44269E1A3C0047611E /* SearchView.h */,
				9BE67B45269E1A3C0047611E /* SearchView.m */,
				9BE67B57269F568B0047611E /* SpotifyAuthView.h */,
				9BE67B58269F568B0047611E /* SpotifyAuthView.m */,
				9B4841B426A0A16700BB8988 /* SpotifySearchTableViewCell.h */,
				9B4841B526A0A16700BB8988 /* SpotifySearchTableViewCell.m */,
			);
			path = Views;
			sourceTree = "<group>";
		};
		9BE67B48269E39250047611E /* Manager */ = {
			isa = PBXGroup;
			children = (
				9BE67B4D269E3DCC0047611E /* APIManager.h */,
				9BE67B4E269E3DCC0047611E /* APIManager.m */,
			);
			path = Manager;
			sourceTree = "<group>";
		};
/* End PBXGroup section */

/* Begin PBXNativeTarget section */
		9B2EE155269CA8B700391917 /* social_dance_app */ = {
			isa = PBXNativeTarget;
			buildConfigurationList = 9B2EE185269CA8B900391917 /* Build configuration list for PBXNativeTarget "social_dance_app" */;
			buildPhases = (
				F603AB30624C4698BCCDF812 /* [CP] Check Pods Manifest.lock */,
				9B2EE152269CA8B700391917 /* Sources */,
				9B2EE153269CA8B700391917 /* Frameworks */,
				9B2EE154269CA8B700391917 /* Resources */,
				04401443990A25906653514E /* [CP] Copy Pods Resources */,
			);
			buildRules = (
			);
			dependencies = (
			);
			name = social_dance_app;
			productName = social_dance_app;
			productReference = 9B2EE156269CA8B700391917 /* social_dance_app.app */;
			productType = "com.apple.product-type.application";
		};
		9B2EE170269CA8B900391917 /* social_dance_appTests */ = {
			isa = PBXNativeTarget;
			buildConfigurationList = 9B2EE188269CA8B900391917 /* Build configuration list for PBXNativeTarget "social_dance_appTests" */;
			buildPhases = (
				82FE5F6B65FD45CA33108B3A /* [CP] Check Pods Manifest.lock */,
				9B2EE16D269CA8B900391917 /* Sources */,
				9B2EE16E269CA8B900391917 /* Frameworks */,
				9B2EE16F269CA8B900391917 /* Resources */,
			);
			buildRules = (
			);
			dependencies = (
				9B2EE173269CA8B900391917 /* PBXTargetDependency */,
			);
			name = social_dance_appTests;
			productName = social_dance_appTests;
			productReference = 9B2EE171269CA8B900391917 /* social_dance_appTests.xctest */;
			productType = "com.apple.product-type.bundle.unit-test";
		};
		9B2EE17B269CA8B900391917 /* social_dance_appUITests */ = {
			isa = PBXNativeTarget;
			buildConfigurationList = 9B2EE18B269CA8B900391917 /* Build configuration list for PBXNativeTarget "social_dance_appUITests" */;
			buildPhases = (
				636169E21DDFE2E37F61E60B /* [CP] Check Pods Manifest.lock */,
				9B2EE178269CA8B900391917 /* Sources */,
				9B2EE179269CA8B900391917 /* Frameworks */,
				9B2EE17A269CA8B900391917 /* Resources */,
				DA7DAF693FC80DD2DF7386EB /* [CP] Copy Pods Resources */,
			);
			buildRules = (
			);
			dependencies = (
				9B2EE17E269CA8B900391917 /* PBXTargetDependency */,
			);
			name = social_dance_appUITests;
			productName = social_dance_appUITests;
			productReference = 9B2EE17C269CA8B900391917 /* social_dance_appUITests.xctest */;
			productType = "com.apple.product-type.bundle.ui-testing";
		};
/* End PBXNativeTarget section */

/* Begin PBXProject section */
		9B2EE14E269CA8B700391917 /* Project object */ = {
			isa = PBXProject;
			attributes = {
				LastUpgradeCheck = 1250;
				TargetAttributes = {
					9B2EE155269CA8B700391917 = {
						CreatedOnToolsVersion = 12.5.1;
					};
					9B2EE170269CA8B900391917 = {
						CreatedOnToolsVersion = 12.5.1;
						TestTargetID = 9B2EE155269CA8B700391917;
					};
					9B2EE17B269CA8B900391917 = {
						CreatedOnToolsVersion = 12.5.1;
						TestTargetID = 9B2EE155269CA8B700391917;
					};
				};
			};
			buildConfigurationList = 9B2EE151269CA8B700391917 /* Build configuration list for PBXProject "social_dance_app" */;
			compatibilityVersion = "Xcode 9.3";
			developmentRegion = en;
			hasScannedForEncodings = 0;
			knownRegions = (
				en,
				Base,
			);
			mainGroup = 9B2EE14D269CA8B700391917;
			productRefGroup = 9B2EE157269CA8B700391917 /* Products */;
			projectDirPath = "";
			projectRoot = "";
			targets = (
				9B2EE155269CA8B700391917 /* social_dance_app */,
				9B2EE170269CA8B900391917 /* social_dance_appTests */,
				9B2EE17B269CA8B900391917 /* social_dance_appUITests */,
			);
		};
/* End PBXProject section */

/* Begin PBXResourcesBuildPhase section */
		9B2EE154269CA8B700391917 /* Resources */ = {
			isa = PBXResourcesBuildPhase;
			buildActionMask = 2147483647;
			files = (
				9BE67B4C269E3D360047611E /* Keys.plist in Resources */,
				9B2EE169269CA8B900391917 /* LaunchScreen.storyboard in Resources */,
				9B2EE166269CA8B900391917 /* Assets.xcassets in Resources */,
				9B2EE164269CA8B700391917 /* Main.storyboard in Resources */,
			);
			runOnlyForDeploymentPostprocessing = 0;
		};
		9B2EE16F269CA8B900391917 /* Resources */ = {
			isa = PBXResourcesBuildPhase;
			buildActionMask = 2147483647;
			files = (
			);
			runOnlyForDeploymentPostprocessing = 0;
		};
		9B2EE17A269CA8B900391917 /* Resources */ = {
			isa = PBXResourcesBuildPhase;
			buildActionMask = 2147483647;
			files = (
			);
			runOnlyForDeploymentPostprocessing = 0;
		};
/* End PBXResourcesBuildPhase section */

/* Begin PBXShellScriptBuildPhase section */
		04401443990A25906653514E /* [CP] Copy Pods Resources */ = {
			isa = PBXShellScriptBuildPhase;
			buildActionMask = 2147483647;
			files = (
			);
			inputFileListPaths = (
				"${PODS_ROOT}/Target Support Files/Pods-social_dance_app/Pods-social_dance_app-resources-${CONFIGURATION}-input-files.xcfilelist",
			);
			name = "[CP] Copy Pods Resources";
			outputFileListPaths = (
				"${PODS_ROOT}/Target Support Files/Pods-social_dance_app/Pods-social_dance_app-resources-${CONFIGURATION}-output-files.xcfilelist",
			);
			runOnlyForDeploymentPostprocessing = 0;
			shellPath = /bin/sh;
			shellScript = "\"${PODS_ROOT}/Target Support Files/Pods-social_dance_app/Pods-social_dance_app-resources.sh\"\n";
			showEnvVarsInLog = 0;
		};
		636169E21DDFE2E37F61E60B /* [CP] Check Pods Manifest.lock */ = {
			isa = PBXShellScriptBuildPhase;
			buildActionMask = 2147483647;
			files = (
			);
			inputFileListPaths = (
			);
			inputPaths = (
				"${PODS_PODFILE_DIR_PATH}/Podfile.lock",
				"${PODS_ROOT}/Manifest.lock",
			);
			name = "[CP] Check Pods Manifest.lock";
			outputFileListPaths = (
			);
			outputPaths = (
				"$(DERIVED_FILE_DIR)/Pods-social_dance_app-social_dance_appUITests-checkManifestLockResult.txt",
			);
			runOnlyForDeploymentPostprocessing = 0;
			shellPath = /bin/sh;
			shellScript = "diff \"${PODS_PODFILE_DIR_PATH}/Podfile.lock\" \"${PODS_ROOT}/Manifest.lock\" > /dev/null\nif [ $? != 0 ] ; then\n    # print error to STDERR\n    echo \"error: The sandbox is not in sync with the Podfile.lock. Run 'pod install' or update your CocoaPods installation.\" >&2\n    exit 1\nfi\n# This output is used by Xcode 'outputs' to avoid re-running this script phase.\necho \"SUCCESS\" > \"${SCRIPT_OUTPUT_FILE_0}\"\n";
			showEnvVarsInLog = 0;
		};
		82FE5F6B65FD45CA33108B3A /* [CP] Check Pods Manifest.lock */ = {
			isa = PBXShellScriptBuildPhase;
			buildActionMask = 2147483647;
			files = (
			);
			inputFileListPaths = (
			);
			inputPaths = (
				"${PODS_PODFILE_DIR_PATH}/Podfile.lock",
				"${PODS_ROOT}/Manifest.lock",
			);
			name = "[CP] Check Pods Manifest.lock";
			outputFileListPaths = (
			);
			outputPaths = (
				"$(DERIVED_FILE_DIR)/Pods-social_dance_appTests-checkManifestLockResult.txt",
			);
			runOnlyForDeploymentPostprocessing = 0;
			shellPath = /bin/sh;
			shellScript = "diff \"${PODS_PODFILE_DIR_PATH}/Podfile.lock\" \"${PODS_ROOT}/Manifest.lock\" > /dev/null\nif [ $? != 0 ] ; then\n    # print error to STDERR\n    echo \"error: The sandbox is not in sync with the Podfile.lock. Run 'pod install' or update your CocoaPods installation.\" >&2\n    exit 1\nfi\n# This output is used by Xcode 'outputs' to avoid re-running this script phase.\necho \"SUCCESS\" > \"${SCRIPT_OUTPUT_FILE_0}\"\n";
			showEnvVarsInLog = 0;
		};
		DA7DAF693FC80DD2DF7386EB /* [CP] Copy Pods Resources */ = {
			isa = PBXShellScriptBuildPhase;
			buildActionMask = 2147483647;
			files = (
			);
			inputFileListPaths = (
				"${PODS_ROOT}/Target Support Files/Pods-social_dance_app-social_dance_appUITests/Pods-social_dance_app-social_dance_appUITests-resources-${CONFIGURATION}-input-files.xcfilelist",
			);
			name = "[CP] Copy Pods Resources";
			outputFileListPaths = (
				"${PODS_ROOT}/Target Support Files/Pods-social_dance_app-social_dance_appUITests/Pods-social_dance_app-social_dance_appUITests-resources-${CONFIGURATION}-output-files.xcfilelist",
			);
			runOnlyForDeploymentPostprocessing = 0;
			shellPath = /bin/sh;
			shellScript = "\"${PODS_ROOT}/Target Support Files/Pods-social_dance_app-social_dance_appUITests/Pods-social_dance_app-social_dance_appUITests-resources.sh\"\n";
			showEnvVarsInLog = 0;
		};
		F603AB30624C4698BCCDF812 /* [CP] Check Pods Manifest.lock */ = {
			isa = PBXShellScriptBuildPhase;
			buildActionMask = 2147483647;
			files = (
			);
			inputFileListPaths = (
			);
			inputPaths = (
				"${PODS_PODFILE_DIR_PATH}/Podfile.lock",
				"${PODS_ROOT}/Manifest.lock",
			);
			name = "[CP] Check Pods Manifest.lock";
			outputFileListPaths = (
			);
			outputPaths = (
				"$(DERIVED_FILE_DIR)/Pods-social_dance_app-checkManifestLockResult.txt",
			);
			runOnlyForDeploymentPostprocessing = 0;
			shellPath = /bin/sh;
			shellScript = "diff \"${PODS_PODFILE_DIR_PATH}/Podfile.lock\" \"${PODS_ROOT}/Manifest.lock\" > /dev/null\nif [ $? != 0 ] ; then\n    # print error to STDERR\n    echo \"error: The sandbox is not in sync with the Podfile.lock. Run 'pod install' or update your CocoaPods installation.\" >&2\n    exit 1\nfi\n# This output is used by Xcode 'outputs' to avoid re-running this script phase.\necho \"SUCCESS\" > \"${SCRIPT_OUTPUT_FILE_0}\"\n";
			showEnvVarsInLog = 0;
		};
/* End PBXShellScriptBuildPhase section */

/* Begin PBXSourcesBuildPhase section */
		9B2EE152269CA8B700391917 /* Sources */ = {
			isa = PBXSourcesBuildPhase;
			buildActionMask = 2147483647;
			files = (
				9B3C09B9269CE16900B244DE /* Song.m in Sources */,
				9B2EE15B269CA8B700391917 /* AppDelegate.m in Sources */,
				9BE67B4F269E3DCC0047611E /* APIManager.m in Sources */,
				9B2EE16C269CA8B900391917 /* main.m in Sources */,
				9B2EE1A2269CD8E300391917 /* LoginView.m in Sources */,
				9BE67B46269E1A3C0047611E /* SearchView.m in Sources */,
				9B4841B626A0A16700BB8988 /* SpotifySearchTableViewCell.m in Sources */,
				9B2EE19F269CAF2500391917 /* DetailViewController.m in Sources */,
				9B3C09BF269CE30600B244DE /* DetailView.m in Sources */,
				9B3C09C5269CE41C00B244DE /* CreateView.m in Sources */,
				9B3C09C8269CF41D00B244DE /* Post.m in Sources */,
				9B4841B326A09FF100BB8988 /* SpotifySearchViewController.m in Sources */,
				9B2EE19C269CACAE00391917 /* CreateViewController.m in Sources */,
				9B2EE1A5269CDE9F00391917 /* LoginViewController.m in Sources */,
				9B3C09BC269CE2D500B244DE /* HomeTableViewCell.m in Sources */,
				9BE67B54269F557A0047611E /* SpotifyAuthViewController.m in Sources */,
				9B2EE196269CAC9600391917 /* HomeViewController.m in Sources */,
				9BE67B59269F568B0047611E /* SpotifyAuthView.m in Sources */,
				9B3C09C2269CE3AC00B244DE /* SearchCollectionViewCell.m in Sources */,
				9B2EE199269CACA200391917 /* SearchViewController.m in Sources */,
				9B2EE15E269CA8B700391917 /* SceneDelegate.m in Sources */,
				9B3C09CE269DD81400B244DE /* PlayerView.m in Sources */,
			);
			runOnlyForDeploymentPostprocessing = 0;
		};
		9B2EE16D269CA8B900391917 /* Sources */ = {
			isa = PBXSourcesBuildPhase;
			buildActionMask = 2147483647;
			files = (
				9B2EE176269CA8B900391917 /* social_dance_appTests.m in Sources */,
			);
			runOnlyForDeploymentPostprocessing = 0;
		};
		9B2EE178269CA8B900391917 /* Sources */ = {
			isa = PBXSourcesBuildPhase;
			buildActionMask = 2147483647;
			files = (
				9B2EE181269CA8B900391917 /* social_dance_appUITests.m in Sources */,
			);
			runOnlyForDeploymentPostprocessing = 0;
		};
/* End PBXSourcesBuildPhase section */

/* Begin PBXTargetDependency section */
		9B2EE173269CA8B900391917 /* PBXTargetDependency */ = {
			isa = PBXTargetDependency;
			target = 9B2EE155269CA8B700391917 /* social_dance_app */;
			targetProxy = 9B2EE172269CA8B900391917 /* PBXContainerItemProxy */;
		};
		9B2EE17E269CA8B900391917 /* PBXTargetDependency */ = {
			isa = PBXTargetDependency;
			target = 9B2EE155269CA8B700391917 /* social_dance_app */;
			targetProxy = 9B2EE17D269CA8B900391917 /* PBXContainerItemProxy */;
		};
/* End PBXTargetDependency section */

/* Begin PBXVariantGroup section */
		9B2EE162269CA8B700391917 /* Main.storyboard */ = {
			isa = PBXVariantGroup;
			children = (
				9B2EE163269CA8B700391917 /* Base */,
			);
			name = Main.storyboard;
			sourceTree = "<group>";
		};
		9B2EE167269CA8B900391917 /* LaunchScreen.storyboard */ = {
			isa = PBXVariantGroup;
			children = (
				9B2EE168269CA8B900391917 /* Base */,
			);
			name = LaunchScreen.storyboard;
			sourceTree = "<group>";
		};
/* End PBXVariantGroup section */

/* Begin XCBuildConfiguration section */
		9B2EE183269CA8B900391917 /* Debug */ = {
			isa = XCBuildConfiguration;
			buildSettings = {
				ALWAYS_SEARCH_USER_PATHS = NO;
				CLANG_ANALYZER_NONNULL = YES;
				CLANG_ANALYZER_NUMBER_OBJECT_CONVERSION = YES_AGGRESSIVE;
				CLANG_CXX_LANGUAGE_STANDARD = "gnu++14";
				CLANG_CXX_LIBRARY = "libc++";
				CLANG_ENABLE_MODULES = YES;
				CLANG_ENABLE_OBJC_ARC = YES;
				CLANG_ENABLE_OBJC_WEAK = YES;
				CLANG_WARN_BLOCK_CAPTURE_AUTORELEASING = YES;
				CLANG_WARN_BOOL_CONVERSION = YES;
				CLANG_WARN_COMMA = YES;
				CLANG_WARN_CONSTANT_CONVERSION = YES;
				CLANG_WARN_DEPRECATED_OBJC_IMPLEMENTATIONS = YES;
				CLANG_WARN_DIRECT_OBJC_ISA_USAGE = YES_ERROR;
				CLANG_WARN_DOCUMENTATION_COMMENTS = YES;
				CLANG_WARN_EMPTY_BODY = YES;
				CLANG_WARN_ENUM_CONVERSION = YES;
				CLANG_WARN_INFINITE_RECURSION = YES;
				CLANG_WARN_INT_CONVERSION = YES;
				CLANG_WARN_NON_LITERAL_NULL_CONVERSION = YES;
				CLANG_WARN_OBJC_IMPLICIT_RETAIN_SELF = YES;
				CLANG_WARN_OBJC_LITERAL_CONVERSION = YES;
				CLANG_WARN_OBJC_ROOT_CLASS = YES_ERROR;
				CLANG_WARN_QUOTED_INCLUDE_IN_FRAMEWORK_HEADER = YES;
				CLANG_WARN_RANGE_LOOP_ANALYSIS = YES;
				CLANG_WARN_STRICT_PROTOTYPES = YES;
				CLANG_WARN_SUSPICIOUS_MOVE = YES;
				CLANG_WARN_UNGUARDED_AVAILABILITY = YES_AGGRESSIVE;
				CLANG_WARN_UNREACHABLE_CODE = YES;
				CLANG_WARN__DUPLICATE_METHOD_MATCH = YES;
				COPY_PHASE_STRIP = NO;
				DEBUG_INFORMATION_FORMAT = dwarf;
				ENABLE_STRICT_OBJC_MSGSEND = YES;
				ENABLE_TESTABILITY = YES;
				GCC_C_LANGUAGE_STANDARD = gnu11;
				GCC_DYNAMIC_NO_PIC = NO;
				GCC_NO_COMMON_BLOCKS = YES;
				GCC_OPTIMIZATION_LEVEL = 0;
				GCC_PREPROCESSOR_DEFINITIONS = (
					"DEBUG=1",
					"$(inherited)",
				);
				GCC_WARN_64_TO_32_BIT_CONVERSION = YES;
				GCC_WARN_ABOUT_RETURN_TYPE = YES_ERROR;
				GCC_WARN_UNDECLARED_SELECTOR = YES;
				GCC_WARN_UNINITIALIZED_AUTOS = YES_AGGRESSIVE;
				GCC_WARN_UNUSED_FUNCTION = YES;
				GCC_WARN_UNUSED_VARIABLE = YES;
				IPHONEOS_DEPLOYMENT_TARGET = 14.5;
				MTL_ENABLE_DEBUG_INFO = INCLUDE_SOURCE;
				MTL_FAST_MATH = YES;
				ONLY_ACTIVE_ARCH = YES;
				SDKROOT = iphoneos;
			};
			name = Debug;
		};
		9B2EE184269CA8B900391917 /* Release */ = {
			isa = XCBuildConfiguration;
			buildSettings = {
				ALWAYS_SEARCH_USER_PATHS = NO;
				CLANG_ANALYZER_NONNULL = YES;
				CLANG_ANALYZER_NUMBER_OBJECT_CONVERSION = YES_AGGRESSIVE;
				CLANG_CXX_LANGUAGE_STANDARD = "gnu++14";
				CLANG_CXX_LIBRARY = "libc++";
				CLANG_ENABLE_MODULES = YES;
				CLANG_ENABLE_OBJC_ARC = YES;
				CLANG_ENABLE_OBJC_WEAK = YES;
				CLANG_WARN_BLOCK_CAPTURE_AUTORELEASING = YES;
				CLANG_WARN_BOOL_CONVERSION = YES;
				CLANG_WARN_COMMA = YES;
				CLANG_WARN_CONSTANT_CONVERSION = YES;
				CLANG_WARN_DEPRECATED_OBJC_IMPLEMENTATIONS = YES;
				CLANG_WARN_DIRECT_OBJC_ISA_USAGE = YES_ERROR;
				CLANG_WARN_DOCUMENTATION_COMMENTS = YES;
				CLANG_WARN_EMPTY_BODY = YES;
				CLANG_WARN_ENUM_CONVERSION = YES;
				CLANG_WARN_INFINITE_RECURSION = YES;
				CLANG_WARN_INT_CONVERSION = YES;
				CLANG_WARN_NON_LITERAL_NULL_CONVERSION = YES;
				CLANG_WARN_OBJC_IMPLICIT_RETAIN_SELF = YES;
				CLANG_WARN_OBJC_LITERAL_CONVERSION = YES;
				CLANG_WARN_OBJC_ROOT_CLASS = YES_ERROR;
				CLANG_WARN_QUOTED_INCLUDE_IN_FRAMEWORK_HEADER = YES;
				CLANG_WARN_RANGE_LOOP_ANALYSIS = YES;
				CLANG_WARN_STRICT_PROTOTYPES = YES;
				CLANG_WARN_SUSPICIOUS_MOVE = YES;
				CLANG_WARN_UNGUARDED_AVAILABILITY = YES_AGGRESSIVE;
				CLANG_WARN_UNREACHABLE_CODE = YES;
				CLANG_WARN__DUPLICATE_METHOD_MATCH = YES;
				COPY_PHASE_STRIP = NO;
				DEBUG_INFORMATION_FORMAT = "dwarf-with-dsym";
				ENABLE_NS_ASSERTIONS = NO;
				ENABLE_STRICT_OBJC_MSGSEND = YES;
				GCC_C_LANGUAGE_STANDARD = gnu11;
				GCC_NO_COMMON_BLOCKS = YES;
				GCC_WARN_64_TO_32_BIT_CONVERSION = YES;
				GCC_WARN_ABOUT_RETURN_TYPE = YES_ERROR;
				GCC_WARN_UNDECLARED_SELECTOR = YES;
				GCC_WARN_UNINITIALIZED_AUTOS = YES_AGGRESSIVE;
				GCC_WARN_UNUSED_FUNCTION = YES;
				GCC_WARN_UNUSED_VARIABLE = YES;
				IPHONEOS_DEPLOYMENT_TARGET = 14.5;
				MTL_ENABLE_DEBUG_INFO = NO;
				MTL_FAST_MATH = YES;
				SDKROOT = iphoneos;
				VALIDATE_PRODUCT = YES;
			};
			name = Release;
		};
		9B2EE186269CA8B900391917 /* Debug */ = {
			isa = XCBuildConfiguration;
			baseConfigurationReference = 7D9A099D56EC4B08A86C6C20 /* Pods-social_dance_app.debug.xcconfig */;
			buildSettings = {
				ASSETCATALOG_COMPILER_APPICON_NAME = AppIcon;
				ASSETCATALOG_COMPILER_GLOBAL_ACCENT_COLOR_NAME = AccentColor;
				CODE_SIGN_STYLE = Automatic;
				DEVELOPMENT_TEAM = M6WW8H36AB;
				FRAMEWORK_SEARCH_PATHS = (
					"$(inherited)",
					"$(PROJECT_DIR)",
				);
				INFOPLIST_FILE = social_dance_app/Info.plist;
				LD_RUNPATH_SEARCH_PATHS = (
					"$(inherited)",
					"@executable_path/Frameworks",
				);
				PRODUCT_BUNDLE_IDENTIFIER = "com.marinhyatt.social-dance-app";
				PRODUCT_NAME = "$(TARGET_NAME)";
				TARGETED_DEVICE_FAMILY = "1,2";
			};
			name = Debug;
		};
		9B2EE187269CA8B900391917 /* Release */ = {
			isa = XCBuildConfiguration;
			baseConfigurationReference = BB179721461108F7E7DF4AED /* Pods-social_dance_app.release.xcconfig */;
			buildSettings = {
				ASSETCATALOG_COMPILER_APPICON_NAME = AppIcon;
				ASSETCATALOG_COMPILER_GLOBAL_ACCENT_COLOR_NAME = AccentColor;
				CODE_SIGN_STYLE = Automatic;
				DEVELOPMENT_TEAM = M6WW8H36AB;
				FRAMEWORK_SEARCH_PATHS = (
					"$(inherited)",
					"$(PROJECT_DIR)",
				);
				INFOPLIST_FILE = social_dance_app/Info.plist;
				LD_RUNPATH_SEARCH_PATHS = (
					"$(inherited)",
					"@executable_path/Frameworks",
				);
				PRODUCT_BUNDLE_IDENTIFIER = "com.marinhyatt.social-dance-app";
				PRODUCT_NAME = "$(TARGET_NAME)";
				TARGETED_DEVICE_FAMILY = "1,2";
			};
			name = Release;
		};
		9B2EE189269CA8B900391917 /* Debug */ = {
			isa = XCBuildConfiguration;
			baseConfigurationReference = 9DDD14C4A779EF5D93F4F777 /* Pods-social_dance_appTests.debug.xcconfig */;
			buildSettings = {
				BUNDLE_LOADER = "$(TEST_HOST)";
				CODE_SIGN_STYLE = Automatic;
				DEVELOPMENT_TEAM = M6WW8H36AB;
				INFOPLIST_FILE = social_dance_appTests/Info.plist;
				IPHONEOS_DEPLOYMENT_TARGET = 14.5;
				LD_RUNPATH_SEARCH_PATHS = (
					"$(inherited)",
					"@executable_path/Frameworks",
					"@loader_path/Frameworks",
				);
				PRODUCT_BUNDLE_IDENTIFIER = "com.marinhyatt.social-dance-appTests";
				PRODUCT_NAME = "$(TARGET_NAME)";
				TARGETED_DEVICE_FAMILY = "1,2";
				TEST_HOST = "$(BUILT_PRODUCTS_DIR)/social_dance_app.app/social_dance_app";
			};
			name = Debug;
		};
		9B2EE18A269CA8B900391917 /* Release */ = {
			isa = XCBuildConfiguration;
			baseConfigurationReference = 7DEDF84A2EE0DA8859D07251 /* Pods-social_dance_appTests.release.xcconfig */;
			buildSettings = {
				BUNDLE_LOADER = "$(TEST_HOST)";
				CODE_SIGN_STYLE = Automatic;
				DEVELOPMENT_TEAM = M6WW8H36AB;
				INFOPLIST_FILE = social_dance_appTests/Info.plist;
				IPHONEOS_DEPLOYMENT_TARGET = 14.5;
				LD_RUNPATH_SEARCH_PATHS = (
					"$(inherited)",
					"@executable_path/Frameworks",
					"@loader_path/Frameworks",
				);
				PRODUCT_BUNDLE_IDENTIFIER = "com.marinhyatt.social-dance-appTests";
				PRODUCT_NAME = "$(TARGET_NAME)";
				TARGETED_DEVICE_FAMILY = "1,2";
				TEST_HOST = "$(BUILT_PRODUCTS_DIR)/social_dance_app.app/social_dance_app";
			};
			name = Release;
		};
		9B2EE18C269CA8B900391917 /* Debug */ = {
			isa = XCBuildConfiguration;
			baseConfigurationReference = E0F7D4FC576299881AD2703C /* Pods-social_dance_app-social_dance_appUITests.debug.xcconfig */;
			buildSettings = {
				CODE_SIGN_STYLE = Automatic;
				DEVELOPMENT_TEAM = M6WW8H36AB;
				INFOPLIST_FILE = social_dance_appUITests/Info.plist;
				LD_RUNPATH_SEARCH_PATHS = (
					"$(inherited)",
					"@executable_path/Frameworks",
					"@loader_path/Frameworks",
				);
				PRODUCT_BUNDLE_IDENTIFIER = "com.marinhyatt.social-dance-appUITests";
				PRODUCT_NAME = "$(TARGET_NAME)";
				TARGETED_DEVICE_FAMILY = "1,2";
				TEST_TARGET_NAME = social_dance_app;
			};
			name = Debug;
		};
		9B2EE18D269CA8B900391917 /* Release */ = {
			isa = XCBuildConfiguration;
			baseConfigurationReference = 5B5DCFE0532BEF04914AE73A /* Pods-social_dance_app-social_dance_appUITests.release.xcconfig */;
			buildSettings = {
				CODE_SIGN_STYLE = Automatic;
				DEVELOPMENT_TEAM = M6WW8H36AB;
				INFOPLIST_FILE = social_dance_appUITests/Info.plist;
				LD_RUNPATH_SEARCH_PATHS = (
					"$(inherited)",
					"@executable_path/Frameworks",
					"@loader_path/Frameworks",
				);
				PRODUCT_BUNDLE_IDENTIFIER = "com.marinhyatt.social-dance-appUITests";
				PRODUCT_NAME = "$(TARGET_NAME)";
				TARGETED_DEVICE_FAMILY = "1,2";
				TEST_TARGET_NAME = social_dance_app;
			};
			name = Release;
		};
/* End XCBuildConfiguration section */

/* Begin XCConfigurationList section */
		9B2EE151269CA8B700391917 /* Build configuration list for PBXProject "social_dance_app" */ = {
			isa = XCConfigurationList;
			buildConfigurations = (
				9B2EE183269CA8B900391917 /* Debug */,
				9B2EE184269CA8B900391917 /* Release */,
			);
			defaultConfigurationIsVisible = 0;
			defaultConfigurationName = Release;
		};
		9B2EE185269CA8B900391917 /* Build configuration list for PBXNativeTarget "social_dance_app" */ = {
			isa = XCConfigurationList;
			buildConfigurations = (
				9B2EE186269CA8B900391917 /* Debug */,
				9B2EE187269CA8B900391917 /* Release */,
			);
			defaultConfigurationIsVisible = 0;
			defaultConfigurationName = Release;
		};
		9B2EE188269CA8B900391917 /* Build configuration list for PBXNativeTarget "social_dance_appTests" */ = {
			isa = XCConfigurationList;
			buildConfigurations = (
				9B2EE189269CA8B900391917 /* Debug */,
				9B2EE18A269CA8B900391917 /* Release */,
			);
			defaultConfigurationIsVisible = 0;
			defaultConfigurationName = Release;
		};
		9B2EE18B269CA8B900391917 /* Build configuration list for PBXNativeTarget "social_dance_appUITests" */ = {
			isa = XCConfigurationList;
			buildConfigurations = (
				9B2EE18C269CA8B900391917 /* Debug */,
				9B2EE18D269CA8B900391917 /* Release */,
			);
			defaultConfigurationIsVisible = 0;
			defaultConfigurationName = Release;
		};
/* End XCConfigurationList section */
	};
	rootObject = 9B2EE14E269CA8B700391917 /* Project object */;
}
